
Microsoft Visual Studio Solution File, Format Version 12.00
# Visual Studio Version 16
VisualStudioVersion = 16.0.31229.75
MinimumVisualStudioVersion = 10.0.40219.1
Project("{9A19103F-16F7-4668-BE54-9A1E7A4F7556}") = "GestorRazorPostgreSQL.Server", "GestorRazorPostgreSQL\Server\GestorRazorPostgreSQL.Server.csproj", "{BD491325-7133-4FF8-8D97-6F139EC36108}"
EndProject
Project("{9A19103F-16F7-4668-BE54-9A1E7A4F7556}") = "GestorRazorPostgreSQL.Client", "GestorRazorPostgreSQL\Client\GestorRazorPostgreSQL.Client.csproj", "{6C21EC84-A52A-44D7-9140-07259561FB1C}"
EndProject
Project("{9A19103F-16F7-4668-BE54-9A1E7A4F7556}") = "GestorRazorPostgreSQL.Shared", "GestorRazorPostgreSQL\Shared\GestorRazorPostgreSQL.Shared.csproj", "{E8067BC9-EF49-416D-9183-F629289B2CBC}"
EndProject
Global
	GlobalSection(SolutionConfigurationPlatforms) = preSolution
		Debug|Any CPU = Debug|Any CPU
		Release|Any CPU = Release|Any CPU
	EndGlobalSection
	GlobalSection(ProjectConfigurationPlatforms) = postSolution
		{BD491325-7133-4FF8-8D97-6F139EC36108}.Debug|Any CPU.ActiveCfg = Debug|Any CPU
		{BD491325-7133-4FF8-8D97-6F139EC36108}.Debug|Any CPU.Build.0 = Debug|Any CPU
		{BD491325-7133-4FF8-8D97-6F139EC36108}.Release|Any CPU.ActiveCfg = Release|Any CPU
		{BD491325-7133-4FF8-8D97-6F139EC36108}.Release|Any CPU.Build.0 = Release|Any CPU
		{6C21EC84-A52A-44D7-9140-07259561FB1C}.Debug|Any CPU.ActiveCfg = Debug|Any CPU
		{6C21EC84-A52A-44D7-9140-07259561FB1C}.Debug|Any CPU.Build.0 = Debug|Any CPU
		{6C21EC84-A52A-44D7-9140-07259561FB1C}.Release|Any CPU.ActiveCfg = Release|Any CPU
		{6C21EC84-A52A-44D7-9140-07259561FB1C}.Release|Any CPU.Build.0 = Release|Any CPU
		{E8067BC9-EF49-416D-9183-F629289B2CBC}.Debug|Any CPU.ActiveCfg = Debug|Any CPU
		{E8067BC9-EF49-416D-9183-F629289B2CBC}.Debug|Any CPU.Build.0 = Debug|Any CPU
		{E8067BC9-EF49-416D-9183-F629289B2CBC}.Release|Any CPU.ActiveCfg = Release|Any CPU
		{E8067BC9-EF49-416D-9183-F629289B2CBC}.Release|Any CPU.Build.0 = Release|Any CPU
	EndGlobalSection
	GlobalSection(SolutionProperties) = preSolution
		HideSolutionNode = FALSE
	EndGlobalSection
	GlobalSection(ExtensibilityGlobals) = postSolution
		SolutionGuid = {F8DAD03F-3CAD-4AE8-906D-F0233CDE8D87}
	EndGlobalSection
EndGlobal
